
Microsoft Visual Studio Solution File, Format Version 12.00
# Visual Studio 15
VisualStudioVersion = 15.0.26730.15
MinimumVisualStudioVersion = 10.0.40219.1
Project("{8BC9CEB8-8B4A-11D0-8D11-00A0C91BC942}") = "handy", "RAHandy\handy.vcxproj", "{4311CCB9-6D30-456C-A1CB-57F71ADD9D0C}"
EndProject
Project("{8BC9CEB8-8B4A-11D0-8D11-00A0C91BC942}") = "RA_Integration", "RA_Integration\RA_Integration.vcxproj", "{2C1B0023-8EF1-4C4B-99F3-E86BFF8B7300}"
EndProject
Global
	GlobalSection(SolutionConfigurationPlatforms) = preSolution
		Debug Dbg|x86 = Debug Dbg|x86
		Debug|x86 = Debug|x86
		Release Dbg|x86 = Release Dbg|x86
		Release|x86 = Release|x86
		ReleaseWithDebug|x86 = ReleaseWithDebug|x86
	EndGlobalSection
	GlobalSection(ProjectConfigurationPlatforms) = postSolution
		{4311CCB9-6D30-456C-A1CB-57F71ADD9D0C}.Debug Dbg|x86.ActiveCfg = Debug Dbg|Win32
		{4311CCB9-6D30-456C-A1CB-57F71ADD9D0C}.Debug Dbg|x86.Build.0 = Debug Dbg|Win32
		{4311CCB9-6D30-456C-A1CB-57F71ADD9D0C}.Debug|x86.ActiveCfg = Debug|Win32
		{4311CCB9-6D30-456C-A1CB-57F71ADD9D0C}.Debug|x86.Build.0 = Debug|Win32
		{4311CCB9-6D30-456C-A1CB-57F71ADD9D0C}.Release Dbg|x86.ActiveCfg = Release Dbg|Win32
		{4311CCB9-6D30-456C-A1CB-57F71ADD9D0C}.Release Dbg|x86.Build.0 = Release Dbg|Win32
		{4311CCB9-6D30-456C-A1CB-57F71ADD9D0C}.Release|x86.ActiveCfg = Release|Win32
		{4311CCB9-6D30-456C-A1CB-57F71ADD9D0C}.Release|x86.Build.0 = Release|Win32
		{4311CCB9-6D30-456C-A1CB-57F71ADD9D0C}.ReleaseWithDebug|x86.ActiveCfg = Release|Win32
		{4311CCB9-6D30-456C-A1CB-57F71ADD9D0C}.ReleaseWithDebug|x86.Build.0 = Release|Win32
		{2C1B0023-8EF1-4C4B-99F3-E86BFF8B7300}.Debug Dbg|x86.ActiveCfg = Debug|Win32
		{2C1B0023-8EF1-4C4B-99F3-E86BFF8B7300}.Debug Dbg|x86.Build.0 = Debug|Win32
		{2C1B0023-8EF1-4C4B-99F3-E86BFF8B7300}.Debug|x86.ActiveCfg = Debug|Win32
		{2C1B0023-8EF1-4C4B-99F3-E86BFF8B7300}.Debug|x86.Build.0 = Debug|Win32
		{2C1B0023-8EF1-4C4B-99F3-E86BFF8B7300}.Release Dbg|x86.ActiveCfg = ReleaseWithDebug|Win32
		{2C1B0023-8EF1-4C4B-99F3-E86BFF8B7300}.Release Dbg|x86.Build.0 = ReleaseWithDebug|Win32
		{2C1B0023-8EF1-4C4B-99F3-E86BFF8B7300}.Release|x86.ActiveCfg = Release|Win32
		{2C1B0023-8EF1-4C4B-99F3-E86BFF8B7300}.Release|x86.Build.0 = Release|Win32
		{2C1B0023-8EF1-4C4B-99F3-E86BFF8B7300}.ReleaseWithDebug|x86.ActiveCfg = ReleaseWithDebug|Win32
		{2C1B0023-8EF1-4C4B-99F3-E86BFF8B7300}.ReleaseWithDebug|x86.Build.0 = ReleaseWithDebug|Win32
	EndGlobalSection
	GlobalSection(SolutionProperties) = preSolution
		HideSolutionNode = FALSE
	EndGlobalSection
	GlobalSection(ExtensibilityGlobals) = postSolution
		SolutionGuid = {4F17E261-A1B6-4685-BA95-0EE0E7B47C30}
	EndGlobalSection
EndGlobal
