<?xml version="1.0" encoding="utf-8"?>
<Project ToolsVersion="4.0" xmlns="http://schemas.microsoft.com/developer/msbuild/2003">
  <ItemGroup>
    <Filter Include="Source Files">
      <UniqueIdentifier>{85452f66-2286-4fcb-8e9f-e17ac9d04e6f}</UniqueIdentifier>
      <Extensions>cpp;c;cxx;rc;def;r;odl;idl;hpj;bat</Extensions>
    </Filter>
    <Filter Include="Source Files\Zlib">
      <UniqueIdentifier>{030b6757-9949-4c89-b2bd-7de3ddf6170f}</UniqueIdentifier>
    </Filter>
    <Filter Include="Header Files">
      <UniqueIdentifier>{b26f929d-dc0b-49c7-b732-b772115b58f6}</UniqueIdentifier>
      <Extensions>h;hpp;hxx;hm;inl</Extensions>
    </Filter>
    <Filter Include="Resource Files">
      <UniqueIdentifier>{ec7a71ea-a299-45ee-bece-0646cbd5cbc5}</UniqueIdentifier>
      <Extensions>ico;cur;bmp;dlg;rc2;rct;bin;rgs;gif;jpg;jpeg;jpe</Extensions>
    </Filter>
  </ItemGroup>
  <ItemGroup>
    <ClCompile Include="zlib-113\adler32.c">
      <Filter>Source Files\Zlib</Filter>
    </ClCompile>
    <ClCompile Include="zlib-113\compress.c">
      <Filter>Source Files\Zlib</Filter>
    </ClCompile>
    <ClCompile Include="zlib-113\crc32.c">
      <Filter>Source Files\Zlib</Filter>
    </ClCompile>
    <ClCompile Include="zlib-113\deflate.c">
      <Filter>Source Files\Zlib</Filter>
    </ClCompile>
    <ClCompile Include="zlib-113\gzio.c">
      <Filter>Source Files\Zlib</Filter>
    </ClCompile>
    <ClCompile Include="zlib-113\infblock.c">
      <Filter>Source Files\Zlib</Filter>
    </ClCompile>
    <ClCompile Include="zlib-113\infcodes.c">
      <Filter>Source Files\Zlib</Filter>
    </ClCompile>
    <ClCompile Include="zlib-113\inffast.c">
      <Filter>Source Files\Zlib</Filter>
    </ClCompile>
    <ClCompile Include="zlib-113\inflate.c">
      <Filter>Source Files\Zlib</Filter>
    </ClCompile>
    <ClCompile Include="zlib-113\inftrees.c">
      <Filter>Source Files\Zlib</Filter>
    </ClCompile>
    <ClCompile Include="zlib-113\infutil.c">
      <Filter>Source Files\Zlib</Filter>
    </ClCompile>
    <ClCompile Include="zlib-113\trees.c">
      <Filter>Source Files\Zlib</Filter>
    </ClCompile>
    <ClCompile Include="zlib-113\uncompr.c">
      <Filter>Source Files\Zlib</Filter>
    </ClCompile>
    <ClCompile Include="zlib-113\unzip.c">
      <Filter>Source Files\Zlib</Filter>
    </ClCompile>
    <ClCompile Include="zlib-113\zutil.c">
      <Filter>Source Files\Zlib</Filter>
    </ClCompile>
    <ClCompile Include="Cart.cpp">
      <Filter>Source Files</Filter>
    </ClCompile>
    <ClCompile Include="Codewin.cpp">
      <Filter>Source Files</Filter>
    </ClCompile>
    <ClCompile Include="ColorStatic.cpp">
      <Filter>Source Files</Filter>
    </ClCompile>
    <ClCompile Include="Debugger.cpp">
      <Filter>Source Files</Filter>
    </ClCompile>
    <ClCompile Include="Debuggerwin.cpp">
      <Filter>Source Files</Filter>
    </ClCompile>
    <ClCompile Include="DirectSoundPlayer.cpp">
      <Filter>Source Files</Filter>
    </ClCompile>
    <ClCompile Include="DispLine.cpp">
      <Filter>Source Files</Filter>
    </ClCompile>
    <ClCompile Include="Dmpwndlg.cpp">
      <Filter>Source Files</Filter>
    </ClCompile>
    <ClCompile Include="Dumpwin.cpp">
      <Filter>Source Files</Filter>
    </ClCompile>
    <ClCompile Include="DxError.cpp">
      <Filter>Source Files</Filter>
    </ClCompile>
    <ClCompile Include="EditLine.cpp">
      <Filter>Source Files</Filter>
    </ClCompile>
    <ClCompile Include="ErrorHandler.cpp">
      <Filter>Source Files</Filter>
    </ClCompile>
    <ClCompile Include="gfxwin.cpp">
      <Filter>Source Files</Filter>
    </ClCompile>
    <ClCompile Include="HexEdit.cpp">
      <Filter>Source Files</Filter>
    </ClCompile>
    <ClCompile Include="keydefs.cpp">
      <Filter>Source Files</Filter>
    </ClCompile>
    <ClCompile Include="Lynxapp.cpp">
      <Filter>Source Files</Filter>
    </ClCompile>
    <ClCompile Include="Lynxwin.cpp">
      <Filter>Source Files</Filter>
    </ClCompile>
    <ClCompile Include="Memmap.cpp">
      <Filter>Source Files</Filter>
    </ClCompile>
    <ClCompile Include="Mikie.cpp">
      <Filter>Source Files</Filter>
    </ClCompile>
    <ClCompile Include="netobj.cpp">
      <Filter>Source Files</Filter>
    </ClCompile>
    <ClCompile Include="Ram.cpp">
      <Filter>Source Files</Filter>
    </ClCompile>
    <ClCompile Include="Rom.cpp">
      <Filter>Source Files</Filter>
    </ClCompile>
    <ClCompile Include="Susie.cpp">
      <Filter>Source Files</Filter>
    </ClCompile>
    <ClCompile Include="System.cpp">
      <Filter>Source Files</Filter>
    </ClCompile>
    <ClCompile Include="Tracedlg.cpp">
      <Filter>Source Files</Filter>
    </ClCompile>
    <ClCompile Include="Tracewin.cpp">
      <Filter>Source Files</Filter>
    </ClCompile>
    <ClCompile Include="windowgdi.cpp">
      <Filter>Source Files</Filter>
    </ClCompile>
    <ClCompile Include="RA_Implementation.cpp">
      <Filter>Source Files</Filter>
    </ClCompile>
    <ClCompile Include="..\RA_Integration\RA_Interface.cpp">
      <Filter>Source Files</Filter>
    </ClCompile>
    <ClCompile Include="Overlay.cpp">
      <Filter>Source Files</Filter>
    </ClCompile>
  </ItemGroup>
  <ItemGroup>
    <ClInclude Include="zlib-113\deflate.h">
      <Filter>Source Files\Zlib</Filter>
    </ClInclude>
    <ClInclude Include="zlib-113\infblock.h">
      <Filter>Source Files\Zlib</Filter>
    </ClInclude>
    <ClInclude Include="zlib-113\infcodes.h">
      <Filter>Source Files\Zlib</Filter>
    </ClInclude>
    <ClInclude Include="zlib-113\inffast.h">
      <Filter>Source Files\Zlib</Filter>
    </ClInclude>
    <ClInclude Include="zlib-113\inffixed.h">
      <Filter>Source Files\Zlib</Filter>
    </ClInclude>
    <ClInclude Include="zlib-113\inftrees.h">
      <Filter>Source Files\Zlib</Filter>
    </ClInclude>
    <ClInclude Include="zlib-113\infutil.h">
      <Filter>Source Files\Zlib</Filter>
    </ClInclude>
    <ClInclude Include="zlib-113\trees.h">
      <Filter>Source Files\Zlib</Filter>
    </ClInclude>
    <ClInclude Include="zlib-113\unzip.h">
      <Filter>Source Files\Zlib</Filter>
    </ClInclude>
    <ClInclude Include="zlib-113\zconf.h">
      <Filter>Source Files\Zlib</Filter>
    </ClInclude>
    <ClInclude Include="zlib-113\zlib.h">
      <Filter>Source Files\Zlib</Filter>
    </ClInclude>
    <ClInclude Include="zlib-113\zutil.h">
      <Filter>Source Files\Zlib</Filter>
    </ClInclude>
    <ClInclude Include="Aboutdlg.h">
      <Filter>Header Files</Filter>
    </ClInclude>
    <ClInclude Include="C6502mak.h">
      <Filter>Header Files</Filter>
    </ClInclude>
    <ClInclude Include="C65c02.h">
      <Filter>Header Files</Filter>
    </ClInclude>
    <ClInclude Include="Cart.h">
      <Filter>Header Files</Filter>
    </ClInclude>
    <ClInclude Include="CodeWin.h">
      <Filter>Header Files</Filter>
    </ClInclude>
    <ClInclude Include="Color.h">
      <Filter>Header Files</Filter>
    </ClInclude>
    <ClInclude Include="ColorStatic.h">
      <Filter>Header Files</Filter>
    </ClInclude>
    <ClInclude Include="Debugger.h">
      <Filter>Header Files</Filter>
    </ClInclude>
    <ClInclude Include="Debuggerwin.h">
      <Filter>Header Files</Filter>
    </ClInclude>
    <ClInclude Include="DirectSoundPlayer.h">
      <Filter>Header Files</Filter>
    </ClInclude>
    <ClInclude Include="DirectX.h">
      <Filter>Header Files</Filter>
    </ClInclude>
    <ClInclude Include="Dis6502.h">
      <Filter>Header Files</Filter>
    </ClInclude>
    <ClInclude Include="DispLine.h">
      <Filter>Header Files</Filter>
    </ClInclude>
    <ClInclude Include="Dmpwndlg.h">
      <Filter>Header Files</Filter>
    </ClInclude>
    <ClInclude Include="DumpWin.h">
      <Filter>Header Files</Filter>
    </ClInclude>
    <ClInclude Include="EditLine.h">
      <Filter>Header Files</Filter>
    </ClInclude>
    <ClInclude Include="ErrorHandler.h">
      <Filter>Header Files</Filter>
    </ClInclude>
    <ClInclude Include="ErrorInterface.h">
      <Filter>Header Files</Filter>
    </ClInclude>
    <ClInclude Include="FullScreenDirectX.h">
      <Filter>Header Files</Filter>
    </ClInclude>
    <ClInclude Include="FullScreenEagle.h">
      <Filter>Header Files</Filter>
    </ClInclude>
    <ClInclude Include="fullscreenlcd.h">
      <Filter>Header Files</Filter>
    </ClInclude>
    <ClInclude Include="gfxwin.h">
      <Filter>Header Files</Filter>
    </ClInclude>
    <ClInclude Include="HexEdit.h">
      <Filter>Header Files</Filter>
    </ClInclude>
    <ClInclude Include="keydefs.h">
      <Filter>Header Files</Filter>
    </ClInclude>
    <ClInclude Include="Lynxapp.h">
      <Filter>Header Files</Filter>
    </ClInclude>
    <ClInclude Include="lynxbase.h">
      <Filter>Header Files</Filter>
    </ClInclude>
    <ClInclude Include="Lynxdef.h">
      <Filter>Header Files</Filter>
    </ClInclude>
    <ClInclude Include="lynxrender.h">
      <Filter>Header Files</Filter>
    </ClInclude>
    <ClInclude Include="Lynxwin.h">
      <Filter>Header Files</Filter>
    </ClInclude>
    <ClInclude Include="Machine.h">
      <Filter>Header Files</Filter>
    </ClInclude>
    <ClInclude Include="Memfault.h">
      <Filter>Header Files</Filter>
    </ClInclude>
    <ClInclude Include="Memmap.h">
      <Filter>Header Files</Filter>
    </ClInclude>
    <ClInclude Include="Mikie.h">
      <Filter>Header Files</Filter>
    </ClInclude>
    <ClInclude Include="netobj.h">
      <Filter>Header Files</Filter>
    </ClInclude>
    <ClInclude Include="pixblend.h">
      <Filter>Header Files</Filter>
    </ClInclude>
    <ClInclude Include="Ram.h">
      <Filter>Header Files</Filter>
    </ClInclude>
    <ClInclude Include="resource.h">
      <Filter>Header Files</Filter>
    </ClInclude>
    <ClInclude Include="Rom.h">
      <Filter>Header Files</Filter>
    </ClInclude>
    <ClInclude Include="Susie.h">
      <Filter>Header Files</Filter>
    </ClInclude>
    <ClInclude Include="Sysbase.h">
      <Filter>Header Files</Filter>
    </ClInclude>
    <ClInclude Include="System.h">
      <Filter>Header Files</Filter>
    </ClInclude>
    <ClInclude Include="Tracedlg.h">
      <Filter>Header Files</Filter>
    </ClInclude>
    <ClInclude Include="Tracewin.h">
      <Filter>Header Files</Filter>
    </ClInclude>
    <ClInclude Include="warndlg.h">
      <Filter>Header Files</Filter>
    </ClInclude>
    <ClInclude Include="widget.h">
      <Filter>Header Files</Filter>
    </ClInclude>
    <ClInclude Include="WindowDirectX.h">
      <Filter>Header Files</Filter>
    </ClInclude>
    <ClInclude Include="WindowEagle.h">
      <Filter>Header Files</Filter>
    </ClInclude>
    <ClInclude Include="windowgdi.h">
      <Filter>Header Files</Filter>
    </ClInclude>
    <ClInclude Include="windowlcd.h">
      <Filter>Header Files</Filter>
    </ClInclude>
    <ClInclude Include="RA_Implementation.h">
      <Filter>Header Files</Filter>
    </ClInclude>
    <ClInclude Include="..\RA_Integration\RA_Interface.h">
      <Filter>Header Files</Filter>
    </ClInclude>
    <ClInclude Include="Overlay.h">
      <Filter>Header Files</Filter>
    </ClInclude>
  </ItemGroup>
  <ItemGroup>
    <Image Include="ICON1.ICO">
      <Filter>Resource Files</Filter>
    </Image>
  </ItemGroup>
  <ItemGroup>
    <ResourceCompile Include="lynxmenu.rc">
      <Filter>Resource Files</Filter>
    </ResourceCompile>
  </ItemGroup>
</Project>